
Microsoft Visual Studio Solution File, Format Version 12.00
# Visual Studio Version 16
VisualStudioVersion = 16.0.29519.87
MinimumVisualStudioVersion = 10.0.40219.1
Project("{FAE04EC0-301F-11D3-BF4B-00C04F79EFBC}") = "V430ToMySQL", "V430ToMySQL\V430ToMySQL.csproj", "{4443CD11-1A42-4DBA-8BA4-4CE9E7496A63}"
EndProject
Global
	GlobalSection(SolutionConfigurationPlatforms) = preSolution
		Debug|Any CPU = Debug|Any CPU
		Release|Any CPU = Release|Any CPU
	EndGlobalSection
	GlobalSection(ProjectConfigurationPlatforms) = postSolution
		{4443CD11-1A42-4DBA-8BA4-4CE9E7496A63}.Debug|Any CPU.ActiveCfg = Debug|Any CPU
		{4443CD11-1A42-4DBA-8BA4-4CE9E7496A63}.Debug|Any CPU.Build.0 = Debug|Any CPU
		{4443CD11-1A42-4DBA-8BA4-4CE9E7496A63}.Release|Any CPU.ActiveCfg = Release|Any CPU
		{4443CD11-1A42-4DBA-8BA4-4CE9E7496A63}.Release|Any CPU.Build.0 = Release|Any CPU
	EndGlobalSection
	GlobalSection(SolutionProperties) = preSolution
		HideSolutionNode = FALSE
	EndGlobalSection
	GlobalSection(ExtensibilityGlobals) = postSolution
		SolutionGuid = {2B22E1C7-34F6-46DE-8EFE-3F2B3A6F9223}
	EndGlobalSection
EndGlobal
